
Microsoft Visual Studio Solution File, Format Version 11.00
# Visual Studio 2010
Project("{FAE04EC0-301F-11D3-BF4B-00C04F79EFBC}") = "RepositoryExample", "RepositoryExample\RepositoryExample.csproj", "{1AA232BD-6D2B-4E68-A32E-F80D579A1EB9}"
EndProject
Project("{FAE04EC0-301F-11D3-BF4B-00C04F79EFBC}") = "Test", "Test\Test.csproj", "{78F867CA-2748-4D09-863D-2A947182DA68}"
EndProject
Global
	GlobalSection(SolutionConfigurationPlatforms) = preSolution
		Debug|Any CPU = Debug|Any CPU
		Release|Any CPU = Release|Any CPU
	EndGlobalSection
	GlobalSection(ProjectConfigurationPlatforms) = postSolution
		{1AA232BD-6D2B-4E68-A32E-F80D579A1EB9}.Debug|Any CPU.ActiveCfg = Debug|Any CPU
		{1AA232BD-6D2B-4E68-A32E-F80D579A1EB9}.Debug|Any CPU.Build.0 = Debug|Any CPU
		{1AA232BD-6D2B-4E68-A32E-F80D579A1EB9}.Release|Any CPU.ActiveCfg = Release|Any CPU
		{1AA232BD-6D2B-4E68-A32E-F80D579A1EB9}.Release|Any CPU.Build.0 = Release|Any CPU
		{78F867CA-2748-4D09-863D-2A947182DA68}.Debug|Any CPU.ActiveCfg = Debug|Any CPU
		{78F867CA-2748-4D09-863D-2A947182DA68}.Debug|Any CPU.Build.0 = Debug|Any CPU
		{78F867CA-2748-4D09-863D-2A947182DA68}.Release|Any CPU.ActiveCfg = Release|Any CPU
		{78F867CA-2748-4D09-863D-2A947182DA68}.Release|Any CPU.Build.0 = Release|Any CPU
	EndGlobalSection
	GlobalSection(SolutionProperties) = preSolution
		HideSolutionNode = FALSE
	EndGlobalSection
EndGlobal
